// !$*UTF8*$!
{
	archiveVersion = 1;
	classes = {
	};
	objectVersion = 48;
	objects = {

/* Begin PBXBuildFile section */
		EAF6AB9E206CBDF600DE0B8E /* AppDelegate.m in Sources */ = {isa = PBXBuildFile; fileRef = EAF6AB9D206CBDF600DE0B8E /* AppDelegate.m */; };
		EAF6ABA1206CBDF600DE0B8E /* ViewController.m in Sources */ = {isa = PBXBuildFile; fileRef = EAF6ABA0206CBDF600DE0B8E /* ViewController.m */; };
		EAF6ABA4206CBDF600DE0B8E /* Main.storyboard in Resources */ = {isa = PBXBuildFile; fileRef = EAF6ABA2206CBDF600DE0B8E /* Main.storyboard */; };
		EAF6ABA6206CBDF600DE0B8E /* Assets.xcassets in Resources */ = {isa = PBXBuildFile; fileRef = EAF6ABA5206CBDF600DE0B8E /* Assets.xcassets */; };
		EAF6ABA9206CBDF600DE0B8E /* LaunchScreen.storyboard in Resources */ = {isa = PBXBuildFile; fileRef = EAF6ABA7206CBDF600DE0B8E /* LaunchScreen.storyboard */; };
		EAF6ABAC206CBDF600DE0B8E /* main.m in Sources */ = {isa = PBXBuildFile; fileRef = EAF6ABAB206CBDF600DE0B8E /* main.m */; };
/* End PBXBuildFile section */

/* Begin PBXFileReference section */
		EAF6AB99206CBDF600DE0B8E /* iOS_Tools.app */ = {isa = PBXFileReference; explicitFileType = wrapper.application; includeInIndex = 0; path = iOS_Tools.app; sourceTree = BUILT_PRODUCTS_DIR; };
		EAF6AB9C206CBDF600DE0B8E /* AppDelegate.h */ = {isa = PBXFileReference; lastKnownFileType = sourcecode.c.h; path = AppDelegate.h; sourceTree = "<group>"; };
		EAF6AB9D206CBDF600DE0B8E /* AppDelegate.m */ = {isa = PBXFileReference; lastKnownFileType = sourcecode.c.objc; path = AppDelegate.m; sourceTree = "<group>"; };
		EAF6AB9F206CBDF600DE0B8E /* ViewController.h */ = {isa = PBXFileReference; lastKnownFileType = sourcecode.c.h; path = ViewController.h; sourceTree = "<group>"; };
		EAF6ABA0206CBDF600DE0B8E /* ViewController.m */ = {isa = PBXFileReference; lastKnownFileType = sourcecode.c.objc; path = ViewController.m; sourceTree = "<group>"; };
		EAF6ABA3206CBDF600DE0B8E /* Base */ = {isa = PBXFileReference; lastKnownFileType = file.storyboard; name = Base; path = Base.lproj/Main.storyboard; sourceTree = "<group>"; };
		EAF6ABA5206CBDF600DE0B8E /* Assets.xcassets */ = {isa = PBXFileReference; lastKnownFileType = folder.assetcatalog; path = Assets.xcassets; sourceTree = "<group>"; };
		EAF6ABA8206CBDF600DE0B8E /* Base */ = {isa = PBXFileReference; lastKnownFileType = file.storyboard; name = Base; path = Base.lproj/LaunchScreen.storyboard; sourceTree = "<group>"; };
		EAF6ABAA206CBDF600DE0B8E /* Info.plist */ = {isa = PBXFileReference; lastKnownFileType = text.plist.xml; path = Info.plist; sourceTree = "<group>"; };
		EAF6ABAB206CBDF600DE0B8E /* main.m */ = {isa = PBXFileReference; lastKnownFileType = sourcecode.c.objc; path = main.m; sourceTree = "<group>"; };
/* End PBXFileReference section */

/* Begin PBXFrameworksBuildPhase section */
		EAF6AB96206CBDF600DE0B8E /* Frameworks */ = {
			isa = PBXFrameworksBuildPhase;
			buildActionMask = 2147483647;
			files = (
			);
			runOnlyForDeploymentPostprocessing = 0;
		};
/* End PBXFrameworksBuildPhase section */

/* Begin PBXGroup section */
		EAF6AB90206CBDF600DE0B8E = {
			isa = PBXGroup;
			children = (
				EAF6AB9B206CBDF600DE0B8E /* iOS_Tools */,
				EAF6AB9A206CBDF600DE0B8E /* Products */,
			);
			sourceTree = "<group>";
		};
		EAF6AB9A206CBDF600DE0B8E /* Products */ = {
			isa = PBXGroup;
			children = (
				EAF6AB99206CBDF600DE0B8E /* iOS_Tools.app */,
			);
			name = Products;
			sourceTree = "<group>";
		};
		EAF6AB9B206CBDF600DE0B8E /* iOS_Tools */ = {
			isa = PBXGroup;
			children = (
				EAF6ABB2206CBE4900DE0B8E /* Tools */,
				EAF6AB9C206CBDF600DE0B8E /* AppDelegate.h */,
				EAF6AB9D206CBDF600DE0B8E /* AppDelegate.m */,
				EAF6AB9F206CBDF600DE0B8E /* ViewController.h */,
				EAF6ABA0206CBDF600DE0B8E /* ViewController.m */,
				EAF6ABA2206CBDF600DE0B8E /* Main.storyboard */,
				EAF6ABA5206CBDF600DE0B8E /* Assets.xcassets */,
				EAF6ABA7206CBDF600DE0B8E /* LaunchScreen.storyboard */,
				EAF6ABAA206CBDF600DE0B8E /* Info.plist */,
				EAF6ABAB206CBDF600DE0B8E /* main.m */,
			);
			path = iOS_Tools;
			sourceTree = "<group>";
		};
		EAF6ABB2206CBE4900DE0B8E /* Tools */ = {
			isa = PBXGroup;
			children = (
				EAF6ABB3206CBED500DE0B8E /* NSString */,
			);
			path = Tools;
			sourceTree = "<group>";
		};
		EAF6ABB3206CBED500DE0B8E /* NSString */ = {
			isa = PBXGroup;
			children = (
			);
			path = NSString;
			sourceTree = "<group>";
		};
/* End PBXGroup section */

/* Begin PBXNativeTarget section */
		EAF6AB98206CBDF600DE0B8E /* iOS_Tools */ = {
			isa = PBXNativeTarget;
			buildConfigurationList = EAF6ABAF206CBDF600DE0B8E /* Build configuration list for PBXNativeTarget "iOS_Tools" */;
			buildPhases = (
				EAF6AB95206CBDF600DE0B8E /* Sources */,
				EAF6AB96206CBDF600DE0B8E /* Frameworks */,
				EAF6AB97206CBDF600DE0B8E /* Resources */,
			);
			buildRules = (
			);
			dependencies = (
			);
			name = iOS_Tools;
			productName = iOS_Tools;
			productReference = EAF6AB99206CBDF600DE0B8E /* iOS_Tools.app */;
			productType = "com.apple.product-type.application";
		};
/* End PBXNativeTarget section */

/* Begin PBXProject section */
		EAF6AB91206CBDF600DE0B8E /* Project object */ = {
			isa = PBXProject;
			attributes = {
				CLASSPREFIX = Yiem_;
				LastUpgradeCheck = 0920;
				ORGANIZATIONNAME = YIem;
				TargetAttributes = {
					EAF6AB98206CBDF600DE0B8E = {
						CreatedOnToolsVersion = 9.2;
						ProvisioningStyle = Automatic;
					};
				};
			};
			buildConfigurationList = EAF6AB94206CBDF600DE0B8E /* Build configuration list for PBXProject "iOS_Tools" */;
			compatibilityVersion = "Xcode 8.0";
			developmentRegion = en;
			hasScannedForEncodings = 0;
			knownRegions = (
				en,
				Base,
			);
			mainGroup = EAF6AB90206CBDF600DE0B8E;
			productRefGroup = EAF6AB9A206CBDF600DE0B8E /* Products */;
			projectDirPath = "";
			projectRoot = "";
			targets = (
				EAF6AB98206CBDF600DE0B8E /* iOS_Tools */,
			);
		};
/* End PBXProject section */

/* Begin PBXResourcesBuildPhase section */
		EAF6AB97206CBDF600DE0B8E /* Resources */ = {
			isa = PBXResourcesBuildPhase;
			buildActionMask = 2147483647;
			files = (
				EAF6ABA9206CBDF600DE0B8E /* LaunchScreen.storyboard in Resources */,
				EAF6ABA6206CBDF600DE0B8E /* Assets.xcassets in Resources */,
				EAF6ABA4206CBDF600DE0B8E /* Main.storyboard in Resources */,
			);
			runOnlyForDeploymentPostprocessing = 0;
		};
/* End PBXResourcesBuildPhase section */

/* Begin PBXSourcesBuildPhase section */
		EAF6AB95206CBDF600DE0B8E /* Sources */ = {
			isa = PBXSourcesBuildPhase;
			buildActionMask = 2147483647;
			files = (
				EAF6ABA1206CBDF600DE0B8E /* ViewController.m in Sources */,
				EAF6ABAC206CBDF600DE0B8E /* main.m in Sources */,
				EAF6AB9E206CBDF600DE0B8E /* AppDelegate.m in Sources */,
			);
			runOnlyForDeploymentPostprocessing = 0;
		};
/* End PBXSourcesBuildPhase section */

/* Begin PBXVariantGroup section */
		EAF6ABA2206CBDF600DE0B8E /* Main.storyboard */ = {
			isa = PBXVariantGroup;
			children = (
				EAF6ABA3206CBDF600DE0B8E /* Base */,
			);
			name = Main.storyboard;
			sourceTree = "<group>";
		};
		EAF6ABA7206CBDF600DE0B8E /* LaunchScreen.storyboard */ = {
			isa = PBXVariantGroup;
			children = (
				EAF6ABA8206CBDF600DE0B8E /* Base */,
			);
			name = LaunchScreen.storyboard;
			sourceTree = "<group>";
		};
/* End PBXVariantGroup section */

/* Begin XCBuildConfiguration section */
		EAF6ABAD206CBDF600DE0B8E /* Debug */ = {
			isa = XCBuildConfiguration;
			buildSettings = {
				ALWAYS_SEARCH_USER_PATHS = NO;
				CLANG_ANALYZER_NONNULL = YES;
				CLANG_ANALYZER_NUMBER_OBJECT_CONVERSION = YES_AGGRESSIVE;
				CLANG_CXX_LANGUAGE_STANDARD = "gnu++14";
				CLANG_CXX_LIBRARY = "libc++";
				CLANG_ENABLE_MODULES = YES;
				CLANG_ENABLE_OBJC_ARC = YES;
				CLANG_WARN_BLOCK_CAPTURE_AUTORELEASING = YES;
				CLANG_WARN_BOOL_CONVERSION = YES;
				CLANG_WARN_COMMA = YES;
				CLANG_WARN_CONSTANT_CONVERSION = YES;
				CLANG_WARN_DIRECT_OBJC_ISA_USAGE = YES_ERROR;
				CLANG_WARN_DOCUMENTATION_COMMENTS = YES;
				CLANG_WARN_EMPTY_BODY = YES;
				CLANG_WARN_ENUM_CONVERSION = YES;
				CLANG_WARN_INFINITE_RECURSION = YES;
				CLANG_WARN_INT_CONVERSION = YES;
				CLANG_WARN_NON_LITERAL_NULL_CONVERSION = YES;
				CLANG_WARN_OBJC_LITERAL_CONVERSION = YES;
				CLANG_WARN_OBJC_ROOT_CLASS = YES_ERROR;
				CLANG_WARN_RANGE_LOOP_ANALYSIS = YES;
				CLANG_WARN_STRICT_PROTOTYPES = YES;
				CLANG_WARN_SUSPICIOUS_MOVE = YES;
				CLANG_WARN_UNGUARDED_AVAILABILITY = YES_AGGRESSIVE;
				CLANG_WARN_UNREACHABLE_CODE = YES;
				CLANG_WARN__DUPLICATE_METHOD_MATCH = YES;
				CODE_SIGN_IDENTITY = "iPhone Developer";
				COPY_PHASE_STRIP = NO;
				DEBUG_INFORMATION_FORMAT = dwarf;
				ENABLE_STRICT_OBJC_MSGSEND = YES;
				ENABLE_TESTABILITY = YES;
				GCC_C_LANGUAGE_STANDARD = gnu11;
				GCC_DYNAMIC_NO_PIC = NO;
				GCC_NO_COMMON_BLOCKS = YES;
				GCC_OPTIMIZATION_LEVEL = 0;
				GCC_PREPROCESSOR_DEFINITIONS = (
					"DEBUG=1",
					"$(inherited)",
				);
				GCC_WARN_64_TO_32_BIT_CONVERSION = YES;
				GCC_WARN_ABOUT_RETURN_TYPE = YES_ERROR;
				GCC_WARN_UNDECLARED_SELECTOR = YES;
				GCC_WARN_UNINITIALIZED_AUTOS = YES_AGGRESSIVE;
				GCC_WARN_UNUSED_FUNCTION = YES;
				GCC_WARN_UNUSED_VARIABLE = YES;
				IPHONEOS_DEPLOYMENT_TARGET = 11.2;
				MTL_ENABLE_DEBUG_INFO = YES;
				ONLY_ACTIVE_ARCH = YES;
				SDKROOT = iphoneos;
			};
			name = Debug;
		};
		EAF6ABAE206CBDF600DE0B8E /* Release */ = {
			isa = XCBuildConfiguration;
			buildSettings = {
				ALWAYS_SEARCH_USER_PATHS = NO;
				CLANG_ANALYZER_NONNULL = YES;
				CLANG_ANALYZER_NUMBER_OBJECT_CONVERSION = YES_AGGRESSIVE;
				CLANG_CXX_LANGUAGE_STANDARD = "gnu++14";
				CLANG_CXX_LIBRARY = "libc++";
				CLANG_ENABLE_MODULES = YES;
				CLANG_ENABLE_OBJC_ARC = YES;
				CLANG_WARN_BLOCK_CAPTURE_AUTORELEASING = YES;
				CLANG_WARN_BOOL_CONVERSION = YES;
				CLANG_WARN_COMMA = YES;
				CLANG_WARN_CONSTANT_CONVERSION = YES;
				CLANG_WARN_DIRECT_OBJC_ISA_USAGE = YES_ERROR;
				CLANG_WARN_DOCUMENTATION_COMMENTS = YES;
				CLANG_WARN_EMPTY_BODY = YES;
				CLANG_WARN_ENUM_CONVERSION = YES;
				CLANG_WARN_INFINITE_RECURSION = YES;
				CLANG_WARN_INT_CONVERSION = YES;
				CLANG_WARN_NON_LITERAL_NULL_CONVERSION = YES;
				CLANG_WARN_OBJC_LITERAL_CONVERSION = YES;
				CLANG_WARN_OBJC_ROOT_CLASS = YES_ERROR;
				CLANG_WARN_RANGE_LOOP_ANALYSIS = YES;
				CLANG_WARN_STRICT_PROTOTYPES = YES;
				CLANG_WARN_SUSPICIOUS_MOVE = YES;
				CLANG_WARN_UNGUARDED_AVAILABILITY = YES_AGGRESSIVE;
				CLANG_WARN_UNREACHABLE_CODE = YES;
				CLANG_WARN__DUPLICATE_METHOD_MATCH = YES;
				CODE_SIGN_IDENTITY = "iPhone Developer";
				COPY_PHASE_STRIP = NO;
				DEBUG_INFORMATION_FORMAT = "dwarf-with-dsym";
				ENABLE_NS_ASSERTIONS = NO;
				ENABLE_STRICT_OBJC_MSGSEND = YES;
				GCC_C_LANGUAGE_STANDARD = gnu11;
				GCC_NO_COMMON_BLOCKS = YES;
				GCC_WARN_64_TO_32_BIT_CONVERSION = YES;
				GCC_WARN_ABOUT_RETURN_TYPE = YES_ERROR;
				GCC_WARN_UNDECLARED_SELECTOR = YES;
				GCC_WARN_UNINITIALIZED_AUTOS = YES_AGGRESSIVE;
				GCC_WARN_UNUSED_FUNCTION = YES;
				GCC_WARN_UNUSED_VARIABLE = YES;
				IPHONEOS_DEPLOYMENT_TARGET = 11.2;
				MTL_ENABLE_DEBUG_INFO = NO;
				SDKROOT = iphoneos;
				VALIDATE_PRODUCT = YES;
			};
			name = Release;
		};
		EAF6ABB0206CBDF600DE0B8E /* Debug */ = {
			isa = XCBuildConfiguration;
			buildSettings = {
				ASSETCATALOG_COMPILER_APPICON_NAME = AppIcon;
				CODE_SIGN_STYLE = Automatic;
				DEVELOPMENT_TEAM = 69XQHE4LGC;
				INFOPLIST_FILE = iOS_Tools/Info.plist;
				LD_RUNPATH_SEARCH_PATHS = "$(inherited) @executable_path/Frameworks";
				PRODUCT_BUNDLE_IDENTIFIER = "yiem.net.iOS-Tools";
				PRODUCT_NAME = "$(TARGET_NAME)";
				TARGETED_DEVICE_FAMILY = "1,2";
			};
			name = Debug;
		};
		EAF6ABB1206CBDF600DE0B8E /* Release */ = {
			isa = XCBuildConfiguration;
			buildSettings = {
				ASSETCATALOG_COMPILER_APPICON_NAME = AppIcon;
				CODE_SIGN_STYLE = Automatic;
				DEVELOPMENT_TEAM = 69XQHE4LGC;
				INFOPLIST_FILE = iOS_Tools/Info.plist;
				LD_RUNPATH_SEARCH_PATHS = "$(inherited) @executable_path/Frameworks";
				PRODUCT_BUNDLE_IDENTIFIER = "yiem.net.iOS-Tools";
				PRODUCT_NAME = "$(TARGET_NAME)";
				TARGETED_DEVICE_FAMILY = "1,2";
			};
			name = Release;
		};
/* End XCBuildConfiguration section */

/* Begin XCConfigurationList section */
		EAF6AB94206CBDF600DE0B8E /* Build configuration list for PBXProject "iOS_Tools" */ = {
			isa = XCConfigurationList;
			buildConfigurations = (
				EAF6ABAD206CBDF600DE0B8E /* Debug */,
				EAF6ABAE206CBDF600DE0B8E /* Release */,
			);
			defaultConfigurationIsVisible = 0;
			defaultConfigurationName = Release;
		};
		EAF6ABAF206CBDF600DE0B8E /* Build configuration list for PBXNativeTarget "iOS_Tools" */ = {
			isa = XCConfigurationList;
			buildConfigurations = (
				EAF6ABB0206CBDF600DE0B8E /* Debug */,
				EAF6ABB1206CBDF600DE0B8E /* Release */,
			);
			defaultConfigurationIsVisible = 0;
			defaultConfigurationName = Release;
		};
/* End XCConfigurationList section */
	};
	rootObject = EAF6AB91206CBDF600DE0B8E /* Project object */;
}
